
Microsoft Visual Studio Solution File, Format Version 12.00
# Visual Studio Version 17
VisualStudioVersion = 17.5.33516.290
MinimumVisualStudioVersion = 10.0.40219.1
Project("{FAE04EC0-301F-11D3-BF4B-00C04F79EFBC}") = "JaUpdater", "JaUpdater\JaUpdater.csproj", "{D6F58182-6245-41E3-927E-25FB17C6A160}"
EndProject
Global
	GlobalSection(SolutionConfigurationPlatforms) = preSolution
		Debug|Any CPU = Debug|Any CPU
		Release|Any CPU = Release|Any CPU
	EndGlobalSection
	GlobalSection(ProjectConfigurationPlatforms) = postSolution
		{D6F58182-6245-41E3-927E-25FB17C6A160}.Debug|Any CPU.ActiveCfg = Debug|Any CPU
		{D6F58182-6245-41E3-927E-25FB17C6A160}.Debug|Any CPU.Build.0 = Debug|Any CPU
		{D6F58182-6245-41E3-927E-25FB17C6A160}.Release|Any CPU.ActiveCfg = Release|Any CPU
		{D6F58182-6245-41E3-927E-25FB17C6A160}.Release|Any CPU.Build.0 = Release|Any CPU
	EndGlobalSection
	GlobalSection(SolutionProperties) = preSolution
		HideSolutionNode = FALSE
	EndGlobalSection
	GlobalSection(ExtensibilityGlobals) = postSolution
		SolutionGuid = {8C9C2750-94C2-44B3-888F-C89D657B07E9}
	EndGlobalSection
EndGlobal
