
Microsoft Visual Studio Solution File, Format Version 12.00
# Visual Studio Version 17
VisualStudioVersion = 17.8.34408.163
MinimumVisualStudioVersion = 10.0.40219.1
Project("{FAE04EC0-301F-11D3-BF4B-00C04F79EFBC}") = "JaLoaderUnity4", "JaLoaderUnity4\JaLoaderUnity4.csproj", "{F4738273-5B59-43B1-9B25-85223F23E054}"
EndProject
Global
	GlobalSection(SolutionConfigurationPlatforms) = preSolution
		Debug|Any CPU = Debug|Any CPU
		Release|Any CPU = Release|Any CPU
	EndGlobalSection
	GlobalSection(ProjectConfigurationPlatforms) = postSolution
		{F4738273-5B59-43B1-9B25-85223F23E054}.Debug|Any CPU.ActiveCfg = Debug|Any CPU
		{F4738273-5B59-43B1-9B25-85223F23E054}.Debug|Any CPU.Build.0 = Debug|Any CPU
		{F4738273-5B59-43B1-9B25-85223F23E054}.Release|Any CPU.ActiveCfg = Release|Any CPU
		{F4738273-5B59-43B1-9B25-85223F23E054}.Release|Any CPU.Build.0 = Release|Any CPU
	EndGlobalSection
	GlobalSection(SolutionProperties) = preSolution
		HideSolutionNode = FALSE
	EndGlobalSection
	GlobalSection(ExtensibilityGlobals) = postSolution
		SolutionGuid = {100841D4-703C-4130-8B1C-5F2DAC96AFAC}
	EndGlobalSection
EndGlobal
