
Microsoft Visual Studio Solution File, Format Version 12.00
# Visual Studio Version 17
VisualStudioVersion = 17.14.36603.0 d17.14
MinimumVisualStudioVersion = 10.0.40219.1
Project("{FAE04EC0-301F-11D3-BF4B-00C04F79EFBC}") = "JaUpdaterNETFramework", "JaUpdaterNETFramework\JaUpdaterNETFramework.csproj", "{C795AAF8-EBD0-4046-AB81-8408AD32F319}"
EndProject
Global
	GlobalSection(SolutionConfigurationPlatforms) = preSolution
		Debug|Any CPU = Debug|Any CPU
		Release|Any CPU = Release|Any CPU
	EndGlobalSection
	GlobalSection(ProjectConfigurationPlatforms) = postSolution
		{C795AAF8-EBD0-4046-AB81-8408AD32F319}.Debug|Any CPU.ActiveCfg = Debug|Any CPU
		{C795AAF8-EBD0-4046-AB81-8408AD32F319}.Debug|Any CPU.Build.0 = Debug|Any CPU
		{C795AAF8-EBD0-4046-AB81-8408AD32F319}.Release|Any CPU.ActiveCfg = Release|Any CPU
		{C795AAF8-EBD0-4046-AB81-8408AD32F319}.Release|Any CPU.Build.0 = Release|Any CPU
	EndGlobalSection
	GlobalSection(SolutionProperties) = preSolution
		HideSolutionNode = FALSE
	EndGlobalSection
	GlobalSection(ExtensibilityGlobals) = postSolution
		SolutionGuid = {EB960F6D-5555-459D-B353-AB3098D2506E}
	EndGlobalSection
EndGlobal
