
Microsoft Visual Studio Solution File, Format Version 12.00
# Visual Studio Version 17
VisualStudioVersion = 17.1.32228.430
MinimumVisualStudioVersion = 10.0.40219.1
Project("{9A19103F-16F7-4668-BE54-9A1E7A4F7556}") = "JaPatcher", "JaPatcher\JaPatcher.csproj", "{F64E0857-3772-497D-AB16-342CB14957FC}"
EndProject
Global
	GlobalSection(SolutionConfigurationPlatforms) = preSolution
		Debug|Any CPU = Debug|Any CPU
		Release|Any CPU = Release|Any CPU
	EndGlobalSection
	GlobalSection(ProjectConfigurationPlatforms) = postSolution
		{F64E0857-3772-497D-AB16-342CB14957FC}.Debug|Any CPU.ActiveCfg = Debug|Any CPU
		{F64E0857-3772-497D-AB16-342CB14957FC}.Debug|Any CPU.Build.0 = Debug|Any CPU
		{F64E0857-3772-497D-AB16-342CB14957FC}.Release|Any CPU.ActiveCfg = Release|Any CPU
		{F64E0857-3772-497D-AB16-342CB14957FC}.Release|Any CPU.Build.0 = Release|Any CPU
	EndGlobalSection
	GlobalSection(SolutionProperties) = preSolution
		HideSolutionNode = FALSE
	EndGlobalSection
	GlobalSection(ExtensibilityGlobals) = postSolution
		SolutionGuid = {CA356CFA-1798-4A5B-969D-8FFA9478A7BF}
	EndGlobalSection
EndGlobal
