
Microsoft Visual Studio Solution File, Format Version 12.00
# Visual Studio Version 17
VisualStudioVersion = 17.1.32228.430
MinimumVisualStudioVersion = 10.0.40219.1
Project("{FAE04EC0-301F-11D3-BF4B-00C04F79EFBC}") = "JaLoader", "JaLoader\JaLoader.csproj", "{40DD10DA-319A-4A81-9B79-929DF9DD8F18}"
EndProject
Project("{2150E333-8FDC-42A3-9474-1A3956D46DE8}") = "Solution Items", "Solution Items", "{B10C06C6-7746-4EA9-9310-FA6445BC2157}"
	ProjectSection(SolutionItems) = preProject
		.editorconfig = .editorconfig
	EndProjectSection
EndProject
Project("{FAE04EC0-301F-11D3-BF4B-00C04F79EFBC}") = "JaLoaderCommon", "JaLoaderCommon\JaLoaderCommon.csproj", "{CBFD47C0-DB0D-4863-B106-6AD540731608}"
EndProject
Project("{FAE04EC0-301F-11D3-BF4B-00C04F79EFBC}") = "JaLoaderClassic", "JaLoaderClassic\JaLoaderClassic.csproj", "{9E5F22B6-97B7-4B68-BBB4-9CDE89904A20}"
EndProject
Project("{FAE04EC0-301F-11D3-BF4B-00C04F79EFBC}") = "JaPreLoader", "JaPreLoader\JaPreLoader.csproj", "{B01E1C9A-0A1E-4485-9857-D26607AF433C}"
EndProject
Global
	GlobalSection(SolutionConfigurationPlatforms) = preSolution
		Debug|Any CPU = Debug|Any CPU
		Release|Any CPU = Release|Any CPU
	EndGlobalSection
	GlobalSection(ProjectConfigurationPlatforms) = postSolution
		{40DD10DA-319A-4A81-9B79-929DF9DD8F18}.Debug|Any CPU.ActiveCfg = Debug|Any CPU
		{40DD10DA-319A-4A81-9B79-929DF9DD8F18}.Debug|Any CPU.Build.0 = Debug|Any CPU
		{40DD10DA-319A-4A81-9B79-929DF9DD8F18}.Release|Any CPU.ActiveCfg = Release|Any CPU
		{40DD10DA-319A-4A81-9B79-929DF9DD8F18}.Release|Any CPU.Build.0 = Release|Any CPU
		{CBFD47C0-DB0D-4863-B106-6AD540731608}.Debug|Any CPU.ActiveCfg = Debug|Any CPU
		{CBFD47C0-DB0D-4863-B106-6AD540731608}.Debug|Any CPU.Build.0 = Debug|Any CPU
		{CBFD47C0-DB0D-4863-B106-6AD540731608}.Release|Any CPU.ActiveCfg = Release|Any CPU
		{CBFD47C0-DB0D-4863-B106-6AD540731608}.Release|Any CPU.Build.0 = Release|Any CPU
		{9E5F22B6-97B7-4B68-BBB4-9CDE89904A20}.Debug|Any CPU.ActiveCfg = Debug|Any CPU
		{9E5F22B6-97B7-4B68-BBB4-9CDE89904A20}.Debug|Any CPU.Build.0 = Debug|Any CPU
		{9E5F22B6-97B7-4B68-BBB4-9CDE89904A20}.Release|Any CPU.ActiveCfg = Release|Any CPU
		{9E5F22B6-97B7-4B68-BBB4-9CDE89904A20}.Release|Any CPU.Build.0 = Release|Any CPU
		{B01E1C9A-0A1E-4485-9857-D26607AF433C}.Debug|Any CPU.ActiveCfg = Debug|Any CPU
		{B01E1C9A-0A1E-4485-9857-D26607AF433C}.Debug|Any CPU.Build.0 = Debug|Any CPU
		{B01E1C9A-0A1E-4485-9857-D26607AF433C}.Release|Any CPU.ActiveCfg = Release|Any CPU
		{B01E1C9A-0A1E-4485-9857-D26607AF433C}.Release|Any CPU.Build.0 = Release|Any CPU
	EndGlobalSection
	GlobalSection(SolutionProperties) = preSolution
		HideSolutionNode = FALSE
	EndGlobalSection
	GlobalSection(ExtensibilityGlobals) = postSolution
		SolutionGuid = {500E9521-2D14-4202-A6A5-BE71EF4EEF5B}
	EndGlobalSection
EndGlobal
